{
  "lockfile_version": "1",
  "packages": {
    "go@1.22.0": {
      "last_modified": "2024-02-24T23:06:34Z",
      "resolved": "github:NixOS/nixpkgs/9a9dae8f6319600fa9aebde37f340975cab4b8c0#go_1_22",
      "source": "devbox-search",
      "version": "1.22.0",
      "systems": {
        "aarch64-darwin": {
          "store_path": "/nix/store/sbg2nmns0b8invf6ws8yid0gdak18w4d-go-1.22.0"
        },
        "aarch64-linux": {
          "store_path": "/nix/store/48bhxp3lncnmss2i3f44k3r7wgcm0ijk-go-1.22.0"
        },
        "x86_64-darwin": {
          "store_path": "/nix/store/3xay4cky9vhc2ir4prv53n5gbgal0nlj-go-1.22.0"
        },
        "x86_64-linux": {
          "store_path": "/nix/store/8yw3g52r95h7cv09lcrran92n212997b-go-1.22.0"
        }
      }
    },
    "hugo@0.123.4": {
      "last_modified": "2024-02-27T12:57:41Z",
      "resolved": "github:NixOS/nixpkgs/8520c158aee718c6e87b56881105fc4223c3c723#hugo",
      "source": "devbox-search",
      "version": "0.123.4",
      "systems": {
        "aarch64-darwin": {
          "store_path": "/nix/store/dycvrgi2vn7aiscs0snd40vcqx4gqi25-hugo-0.123.4"
        },
        "aarch64-linux": {
          "store_path": "/nix/store/zp0abn1cl079svb1kypq3dg17i1qpjyl-hugo-0.123.4"
        },
        "x86_64-darwin": {
          "store_path": "/nix/store/2acja767i95k2a53naykgl8pzif98y39-hugo-0.123.4"
        },
        "x86_64-linux": {
          "store_path": "/nix/store/j164l63lqhf3pfb9rzlmmzk9vg7xwj8x-hugo-0.123.4"
        }
      }
    },
    "nodejs@21.6.2": {
      "last_modified": "2024-02-24T23:06:34Z",
      "resolved": "github:NixOS/nixpkgs/9a9dae8f6319600fa9aebde37f340975cab4b8c0#nodejs_21",
      "source": "devbox-search",
      "version": "21.6.2",
      "systems": {
        "aarch64-darwin": {
          "store_path": "/nix/store/n9xcy53g63rk8vwb2yx5fb7i72rprpd1-nodejs-21.6.2"
        },
        "aarch64-linux": {
          "store_path": "/nix/store/mqvmpikgnk7bxvi977ysd0z81bjpflzj-nodejs-21.6.2"
        },
        "x86_64-darwin": {
          "store_path": "/nix/store/mdwxb1kdajvahhbpq3dhnaf3b01h7yb8-nodejs-21.6.2"
        },
        "x86_64-linux": {
          "store_path": "/nix/store/va3sggfgfb709lm31bzvpjfyapjdy435-nodejs-21.6.2"
        }
      }
    },
    "process-compose@latest": {
      "last_modified": "2024-02-24T23:06:34Z",
      "resolved": "github:NixOS/nixpkgs/9a9dae8f6319600fa9aebde37f340975cab4b8c0#process-compose",
      "source": "devbox-search",
      "version": "0.85.0",
      "systems": {
        "aarch64-darwin": {
          "store_path": "/nix/store/4dq6scbc7l3w2g0dmh6d8q504fjijix4-process-compose-0.85.0"
        },
        "aarch64-linux": {
          "store_path": "/nix/store/pcz9yjklndisywcka19ixmfs7p2fcsn3-process-compose-0.85.0"
        },
        "x86_64-darwin": {
          "store_path": "/nix/store/zji02yi06zzmmhxbrp8yzx2dhp16bz9f-process-compose-0.85.0"
        },
        "x86_64-linux": {
          "store_path": "/nix/store/c536km4xhmsipr60n8a314vfhc3kwbxd-process-compose-0.85.0"
        }
      }
    },
    "qrencode@4.1.1": {
      "last_modified": "2024-02-29T18:14:35Z",
      "resolved": "github:NixOS/nixpkgs/b5f6e3881acf8ca8a35b8cdb8d4021e5bd469a4e#qrencode",
      "source": "devbox-search",
      "version": "4.1.1",
      "systems": {
        "aarch64-darwin": {
          "store_path": "/nix/store/j9qqnv711zk30hy0am6mx4rm51yxyckp-qrencode-4.1.1-bin"
        },
        "aarch64-linux": {
          "store_path": "/nix/store/3iz0pf7ikpd2m2lm69hmrqn9zx7b8xw2-qrencode-4.1.1-bin"
        },
        "x86_64-darwin": {
          "store_path": "/nix/store/pjach5mqxp6sxhd4v1p38bnmggckvb2s-qrencode-4.1.1-bin"
        },
        "x86_64-linux": {
          "store_path": "/nix/store/1wp6wn8vqxnj3qida4wqpy8w33wwa7ni-qrencode-4.1.1-bin"
        }
      }
    },
    "yarn@1.22.19": {
      "last_modified": "2024-02-24T23:06:34Z",
      "resolved": "github:NixOS/nixpkgs/9a9dae8f6319600fa9aebde37f340975cab4b8c0#yarn",
      "source": "devbox-search",
      "version": "1.22.19",
      "systems": {
        "aarch64-darwin": {
          "store_path": "/nix/store/95qyz39ywhf68drs98i69y8fynwqf6gj-yarn-1.22.19"
        },
        "aarch64-linux": {
          "store_path": "/nix/store/gbkc1pj2d9w8cja5xgapn1xxcbvl39mw-yarn-1.22.19"
        },
        "x86_64-darwin": {
          "store_path": "/nix/store/qw25van6lzk8z0csax1q1yxqq999j1x8-yarn-1.22.19"
        },
        "x86_64-linux": {
          "store_path": "/nix/store/s5lkaji89kp00dxi6qj782a2hdb5p6lp-yarn-1.22.19"
        }
      }
    }
  }
}
